
Microsoft Visual Studio Solution File, Format Version 12.00
# Visual Studio 14
VisualStudioVersion = 14.0.25420.1
MinimumVisualStudioVersion = 10.0.40219.1
Project("{FAE04EC0-301F-11D3-BF4B-00C04F79EFBC}") = "Geometry Project", "Geometry Project\Geometry Project.csproj", "{22EFCD3A-90FE-42F3-BF14-94ECE3179E9F}"
EndProject
Global
	GlobalSection(SolutionConfigurationPlatforms) = preSolution
		Debug|Any CPU = Debug|Any CPU
		Release|Any CPU = Release|Any CPU
	EndGlobalSection
	GlobalSection(ProjectConfigurationPlatforms) = postSolution
		{22EFCD3A-90FE-42F3-BF14-94ECE3179E9F}.Debug|Any CPU.ActiveCfg = Debug|Any CPU
		{22EFCD3A-90FE-42F3-BF14-94ECE3179E9F}.Debug|Any CPU.Build.0 = Debug|Any CPU
		{22EFCD3A-90FE-42F3-BF14-94ECE3179E9F}.Release|Any CPU.ActiveCfg = Release|Any CPU
		{22EFCD3A-90FE-42F3-BF14-94ECE3179E9F}.Release|Any CPU.Build.0 = Release|Any CPU
	EndGlobalSection
	GlobalSection(SolutionProperties) = preSolution
		HideSolutionNode = FALSE
	EndGlobalSection
EndGlobal
